<?xml version="1.0" encoding="utf-8"?>
<Project ToolsVersion="4.0" xmlns="http://schemas.microsoft.com/developer/msbuild/2003">
  <ItemGroup>
    <Filter Include="Source Files">
      <UniqueIdentifier>{4FC737F1-C7A5-4376-A066-2A32D752A2FF}</UniqueIdentifier>
      <Extensions>cpp;c;cc;cxx;c++;cppm;ixx;def;odl;idl;hpj;bat;asm;asmx</Extensions>
    </Filter>
    <Filter Include="Header Files">
      <UniqueIdentifier>{93995380-89BD-4b04-88EB-625FBE52EBFB}</UniqueIdentifier>
      <Extensions>h;hh;hpp;hxx;h++;hm;inl;inc;ipp;xsd</Extensions>
    </Filter>
    <Filter Include="Resource Files">
      <UniqueIdentifier>{67DA6AB6-F800-4c08-8B7A-83BB121AAD01}</UniqueIdentifier>
      <Extensions>rc;ico;cur;bmp;dlg;rc2;rct;bin;rgs;gif;jpg;jpeg;jpe;resx;tiff;tif;png;wav;mfcribbon-ms</Extensions>
    </Filter>
    <Filter Include="Source Files\Mod">
      <UniqueIdentifier>{B1A2C3D4-E5F6-7890-ABCD-EF1234567890}</UniqueIdentifier>
    </Filter>
    <Filter Include="Source Files\Script">
      <UniqueIdentifier>{C2B3D4E5-F6A7-8901-BCDE-F01234567891}</UniqueIdentifier>
    </Filter>
    <Filter Include="Source Files\Core">
      <UniqueIdentifier>{D3C4E5F6-A7B8-9012-CDEF-012345678902}</UniqueIdentifier>
    </Filter>
    <Filter Include="Source Files\Memory">
      <UniqueIdentifier>{E4D5F6A7-B8C9-0123-DEF0-123456789013}</UniqueIdentifier>
    </Filter>
    <Filter Include="Source Files\Vehicle">
      <UniqueIdentifier>{F5E6A7B8-C9D0-1234-EF01-234567890124}</UniqueIdentifier>
    </Filter>
    <Filter Include="Source Files\Vehicle\Engine">
      <UniqueIdentifier>{1624A1B0-25F1-4DC7-A6EF-68425653A128}</UniqueIdentifier>
    </Filter>
    <Filter Include="Source Files\Vehicle\Gearbox">
      <UniqueIdentifier>{336DCCB3-7C69-4DBD-A928-F7D146C9E7ED}</UniqueIdentifier>
    </Filter>
    <Filter Include="Source Files\UI\Speedometer">
      <UniqueIdentifier>{A1A9BA17-8948-4B93-A376-2740986B7675}</UniqueIdentifier>
    </Filter>
    <Filter Include="Source Files\Vehicle\Clutch">
      <UniqueIdentifier>{D5A25C07-5049-4CE2-88AD-C56645FCAC82}</UniqueIdentifier>
    </Filter>
    <Filter Include="Source Files\Vehicle\Brakes">
      <UniqueIdentifier>{8DD8809D-B98D-43F6-B942-3D37A3CFF08C}</UniqueIdentifier>
    </Filter>
    <Filter Include="Source Files\Audio">
      <UniqueIdentifier>{6E778BD6-C994-45C8-A8E9-11DB853030C2}</UniqueIdentifier>
    </Filter>
    <Filter Include="Source Files\Vehicle\Maintenance">
      <UniqueIdentifier>{79A42323-F2CC-4E63-A9DD-61C1FC05F9D2}</UniqueIdentifier>
    </Filter>
    <Filter Include="Source Files\Vehicle\Physics">
      <UniqueIdentifier>{8C3C0A8A-FB9A-49D8-91F3-E70C1BC5A143}</UniqueIdentifier>
    </Filter>
    <Filter Include="Header Files\Script">
      <UniqueIdentifier>{A6F7B8C9-D0E1-2345-F012-345678901235}</UniqueIdentifier>
    </Filter>
    <Filter Include="Header Files\Core">
      <UniqueIdentifier>{B7A8C9D0-E1F2-3456-0123-456789012346}</UniqueIdentifier>
    </Filter>
    <Filter Include="Header Files\Memory">
      <UniqueIdentifier>{C8B9D0E1-F2A3-4567-1234-567890123457}</UniqueIdentifier>
    </Filter>
    <Filter Include="Header Files\Vehicle">
      <UniqueIdentifier>{D9C0E1F2-A3B4-5678-2345-678901234568}</UniqueIdentifier>
    </Filter>
    <Filter Include="Header Files\Vehicle\Engine">
      <UniqueIdentifier>{E41B8F26-3AB4-42C4-844E-DA45425205C6}</UniqueIdentifier>
    </Filter>
    <Filter Include="Header Files\Vehicle\Gearbox">
      <UniqueIdentifier>{9ED0D764-1774-4B53-A0B9-AEC3DC84FF33}</UniqueIdentifier>
    </Filter>
    <Filter Include="Header Files\UI\Speedometer">
      <UniqueIdentifier>{55F0CB2D-7713-4686-B413-F44A72164445}</UniqueIdentifier>
    </Filter>
    <Filter Include="Header Files\Vehicle\Clutch">
      <UniqueIdentifier>{425D9994-52B9-4338-A4DF-EAF61D5A0A93}</UniqueIdentifier>
    </Filter>
    <Filter Include="Header Files\Vehicle\Brakes">
      <UniqueIdentifier>{DA39F761-866F-4ED6-9731-9C63B3CF263F}</UniqueIdentifier>
    </Filter>
    <Filter Include="Header Files\Audio">
      <UniqueIdentifier>{E0A284C0-F22B-4C41-BE0A-7706C4219DA8}</UniqueIdentifier>
    </Filter>
    <Filter Include="Header Files\Vehicle\Maintenance">
      <UniqueIdentifier>{D11D7776-F8BF-4706-BD57-B56FD81290EE}</UniqueIdentifier>
    </Filter>
    <Filter Include="Header Files\Vehicle\Physics">
      <UniqueIdentifier>{3EBEE507-6F2C-4E12-9531-6AA9D8A8D56C}</UniqueIdentifier>
    </Filter>
  </ItemGroup>
  <ItemGroup>
    <ClCompile Include="src\Audio\AudioEngine.cpp">
      <Filter>Source Files\Audio</Filter>
    </ClCompile>
    <ClCompile Include="src\Mod\DllMain.cpp">
      <Filter>Source Files\Mod</Filter>
    </ClCompile>
    <ClCompile Include="src\Script\MainScript.cpp">
      <Filter>Source Files\Script</Filter>
    </ClCompile>
    <ClCompile Include="src\Script\DrivingEventBus.cpp">
      <Filter>Source Files\Script</Filter>
    </ClCompile>
    <ClCompile Include="src\Script\VehicleBlackboard.cpp">
      <Filter>Source Files\Script</Filter>
    </ClCompile>
    <ClCompile Include="src\Script\Controllers\CalibrationController.cpp">
      <Filter>Source Files\Script</Filter>
    </ClCompile>
    <ClCompile Include="src\Script\Controllers\DiagnosticsController.cpp">
      <Filter>Source Files\Script</Filter>
    </ClCompile>
    <ClCompile Include="src\Script\Controllers\DriveAssistController.cpp">
      <Filter>Source Files\Script</Filter>
    </ClCompile>
    <ClCompile Include="src\Script\Controllers\EngineController.cpp">
      <Filter>Source Files\Script</Filter>
    </ClCompile>
    <ClCompile Include="src\Script\Controllers\HUDController.cpp">
      <Filter>Source Files\Script</Filter>
    </ClCompile>
    <ClCompile Include="src\Script\Controllers\SignalController.cpp">
      <Filter>Source Files\Script</Filter>
    </ClCompile>
    <ClCompile Include="src\Script\Controllers\TransmissionController.cpp">
      <Filter>Source Files\Script</Filter>
    </ClCompile>
    <ClCompile Include="src\Script\Controllers\VehicleSessionController.cpp">
      <Filter>Source Files\Script</Filter>
    </ClCompile>
    <ClCompile Include="src\UI\Speedometer\SpeedometerIcons.cpp">
      <Filter>Source Files\UI\Speedometer</Filter>
    </ClCompile>
    <ClCompile Include="src\UI\Speedometer\SpeedometerRenderer.cpp">
      <Filter>Source Files\UI\Speedometer</Filter>
    </ClCompile>
    <ClCompile Include="src\Core\ModLogger.cpp">
      <Filter>Source Files\Core</Filter>
    </ClCompile>
    <ClCompile Include="src\Core\Config.cpp">
      <Filter>Source Files\Core</Filter>
    </ClCompile>
    <ClCompile Include="src\Core\Menu.cpp">
      <Filter>Source Files\Core</Filter>
    </ClCompile>
    <ClCompile Include="src\Core\InputHandler.cpp">
      <Filter>Source Files\Core</Filter>
    </ClCompile>
    <ClCompile Include="src\Core\Renderer.cpp">
      <Filter>Source Files\Core</Filter>
    </ClCompile>
    <ClCompile Include="src\Memory\AOBScanner.cpp">
      <Filter>Source Files\Memory</Filter>
    </ClCompile>
    <ClCompile Include="src\Memory\CalibrationEngine.cpp">
      <Filter>Source Files\Memory</Filter>
    </ClCompile>
    <ClCompile Include="src\Memory\GameMemoryEngine.cpp">
      <Filter>Source Files\Memory</Filter>
    </ClCompile>
    <ClCompile Include="src\Memory\OffsetResolver.cpp">
      <Filter>Source Files\Memory</Filter>
    </ClCompile>
    <ClCompile Include="src\Memory\GearboxPatches.cpp">
      <Filter>Source Files\Memory</Filter>
    </ClCompile>
    <ClCompile Include="src\Vehicle\VehicleData.cpp">
      <Filter>Source Files\Vehicle</Filter>
    </ClCompile>
    <ClCompile Include="src\Vehicle\VehicleProfile.cpp">
      <Filter>Source Files\Vehicle</Filter>
    </ClCompile>
    <ClCompile Include="src\Vehicle\VehicleUpgrades.cpp">
      <Filter>Source Files\Vehicle</Filter>
    </ClCompile>
    <ClCompile Include="src\Vehicle\DrivetrainKinematics.cpp">
      <Filter>Source Files\Vehicle</Filter>
    </ClCompile>
    <ClCompile Include="src\Vehicle\Engine\FuelSystem.cpp">
      <Filter>Source Files\Vehicle\Engine</Filter>
    </ClCompile>
    <ClCompile Include="src\Vehicle\Engine\EngineModel.cpp">
      <Filter>Source Files\Vehicle\Engine</Filter>
    </ClCompile>
    <ClCompile Include="src\Vehicle\Engine\LaunchControl.cpp">
      <Filter>Source Files\Vehicle\Engine</Filter>
    </ClCompile>
    <ClCompile Include="src\Vehicle\Engine\PedalModel.cpp">
      <Filter>Source Files\Vehicle\Engine</Filter>
    </ClCompile>
    <ClCompile Include="src\Vehicle\Engine\TractionControl.cpp">
      <Filter>Source Files\Vehicle\Engine</Filter>
    </ClCompile>
    <ClCompile Include="src\Vehicle\Engine\TurboSystem.cpp">
      <Filter>Source Files\Vehicle\Engine</Filter>
    </ClCompile>
    <ClCompile Include="src\Vehicle\Gearbox\Manual\ManualGearbox.cpp">
      <Filter>Source Files\Vehicle\Gearbox</Filter>
    </ClCompile>
    <ClCompile Include="src\Vehicle\Gearbox\Core\GearboxSystem.cpp">
      <Filter>Source Files\Vehicle\Gearbox</Filter>
    </ClCompile>
    <ClCompile Include="src\Vehicle\Gearbox\Core\GearboxProfile.cpp">
      <Filter>Source Files\Vehicle\Gearbox</Filter>
    </ClCompile>
    <ClCompile Include="src\Vehicle\Gearbox\Automatic\AutomaticGearbox.cpp">
      <Filter>Source Files\Vehicle\Gearbox</Filter>
    </ClCompile>
    <ClCompile Include="src\Vehicle\LightsLogic.cpp">
      <Filter>Source Files\Vehicle</Filter>
    </ClCompile>
    <ClCompile Include="src\Vehicle\Brakes\ParkingBrake.cpp">
      <Filter>Source Files\Vehicle\Brakes</Filter>
    </ClCompile>
    <ClCompile Include="src\Vehicle\Brakes\BrakeSystem.cpp">
      <Filter>Source Files\Vehicle\Brakes</Filter>
    </ClCompile>
    <ClCompile Include="src\Vehicle\Clutch\ClutchSystem.cpp">
      <Filter>Source Files\Vehicle\Clutch</Filter>
    </ClCompile>
    <ClCompile Include="src\Vehicle\TelemetryLogger.cpp">
      <Filter>Source Files\Vehicle</Filter>
    </ClCompile>
    <ClCompile Include="src\Vehicle\Maintenance\RefuelInteraction.cpp">
      <Filter>Source Files\Vehicle\Maintenance</Filter>
    </ClCompile>
    <ClCompile Include="src\Vehicle\Maintenance\MaintenanceSystem.cpp">
      <Filter>Source Files\Vehicle\Maintenance</Filter>
    </ClCompile>
    <ClCompile Include="src\Vehicle\Maintenance\ServiceInteraction.cpp">
      <Filter>Source Files\Vehicle\Maintenance</Filter>
    </ClCompile>
    <ClCompile Include="src\Vehicle\Maintenance\WorkshopIntegration.cpp">
      <Filter>Source Files\Vehicle\Maintenance</Filter>
    </ClCompile>
    <ClCompile Include="src\Vehicle\Maintenance\WorkshopTuning.cpp">
      <Filter>Source Files\Vehicle\Maintenance</Filter>
    </ClCompile>
    <ClCompile Include="src\Vehicle\Physics\VehicleDynamics.cpp">
      <Filter>Source Files\Vehicle\Physics</Filter>
    </ClCompile>
  </ItemGroup>
  <ItemGroup>
    <ClInclude Include="src\Audio\AudioEngine.h">
      <Filter>Header Files\Audio</Filter>
    </ClInclude>
    <ClInclude Include="src\Script\MainScript.h">
      <Filter>Header Files\Script</Filter>
    </ClInclude>
    <ClInclude Include="src\Script\DrivingEventBus.h">
      <Filter>Header Files\Script</Filter>
    </ClInclude>
    <ClInclude Include="src\Script\VehicleBlackboard.h">
      <Filter>Header Files\Script</Filter>
    </ClInclude>
    <ClInclude Include="src\Script\Controllers\CalibrationController.h">
      <Filter>Header Files\Script</Filter>
    </ClInclude>
    <ClInclude Include="src\Script\Controllers\DiagnosticsController.h">
      <Filter>Header Files\Script</Filter>
    </ClInclude>
    <ClInclude Include="src\Script\Controllers\DriveAssistController.h">
      <Filter>Header Files\Script</Filter>
    </ClInclude>
    <ClInclude Include="src\Script\Controllers\EngineController.h">
      <Filter>Header Files\Script</Filter>
    </ClInclude>
    <ClInclude Include="src\Script\Controllers\HUDController.h">
      <Filter>Header Files\Script</Filter>
    </ClInclude>
    <ClInclude Include="src\Script\Controllers\SignalController.h">
      <Filter>Header Files\Script</Filter>
    </ClInclude>
    <ClInclude Include="src\Script\Controllers\TransmissionController.h">
      <Filter>Header Files\Script</Filter>
    </ClInclude>
    <ClInclude Include="src\Script\Controllers\VehicleSessionController.h">
      <Filter>Header Files\Script</Filter>
    </ClInclude>
    <ClInclude Include="src\UI\Speedometer\SpeedometerIcons.h">
      <Filter>Header Files\UI\Speedometer</Filter>
    </ClInclude>
    <ClInclude Include="src\UI\Speedometer\SpeedometerRenderer.h">
      <Filter>Header Files\UI\Speedometer</Filter>
    </ClInclude>
    <ClInclude Include="src\Core\ModLogger.h">
      <Filter>Header Files\Core</Filter>
    </ClInclude>
    <ClInclude Include="src\Core\Config.h">
      <Filter>Header Files\Core</Filter>
    </ClInclude>
    <ClInclude Include="src\Core\Menu.h">
      <Filter>Header Files\Core</Filter>
    </ClInclude>
    <ClInclude Include="src\Core\InputHandler.h">
      <Filter>Header Files\Core</Filter>
    </ClInclude>
    <ClInclude Include="src\Core\Renderer.h">
      <Filter>Header Files\Core</Filter>
    </ClInclude>
    <ClInclude Include="src\Core\VersionInfo.h">
      <Filter>Header Files\Core</Filter>
    </ClInclude>
    <ClInclude Include="src\Memory\AOBScanner.h">
      <Filter>Header Files\Memory</Filter>
    </ClInclude>
    <ClInclude Include="src\Memory\CalibrationEngine.h">
      <Filter>Header Files\Memory</Filter>
    </ClInclude>
    <ClInclude Include="src\Memory\GameMemoryEngine.h">
      <Filter>Header Files\Memory</Filter>
    </ClInclude>
    <ClInclude Include="src\Memory\OffsetResolver.h">
      <Filter>Header Files\Memory</Filter>
    </ClInclude>
    <ClInclude Include="src\Memory\GearboxPatches.h">
      <Filter>Header Files\Memory</Filter>
    </ClInclude>
    <ClInclude Include="src\Vehicle\VehicleData.h">
      <Filter>Header Files\Vehicle</Filter>
    </ClInclude>
    <ClInclude Include="src\Vehicle\VehicleProfile.h">
      <Filter>Header Files\Vehicle</Filter>
    </ClInclude>
    <ClInclude Include="src\Vehicle\VehicleUpgrades.h">
      <Filter>Header Files\Vehicle</Filter>
    </ClInclude>
    <ClInclude Include="src\Vehicle\DrivetrainKinematics.h">
      <Filter>Header Files\Vehicle</Filter>
    </ClInclude>
    <ClInclude Include="src\Vehicle\Engine\FuelSystem.h">
      <Filter>Header Files\Vehicle\Engine</Filter>
    </ClInclude>
    <ClInclude Include="src\Vehicle\Engine\EngineModel.h">
      <Filter>Header Files\Vehicle\Engine</Filter>
    </ClInclude>
    <ClInclude Include="src\Vehicle\Engine\LaunchControl.h">
      <Filter>Header Files\Vehicle\Engine</Filter>
    </ClInclude>
    <ClInclude Include="src\Vehicle\Engine\PedalModel.h">
      <Filter>Header Files\Vehicle\Engine</Filter>
    </ClInclude>
    <ClInclude Include="src\Vehicle\Engine\TractionControl.h">
      <Filter>Header Files\Vehicle\Engine</Filter>
    </ClInclude>
    <ClInclude Include="src\Vehicle\Engine\TurboSystem.h">
      <Filter>Header Files\Vehicle\Engine</Filter>
    </ClInclude>
    <ClInclude Include="src\Vehicle\Gearbox\Manual\ManualGearbox.h">
      <Filter>Header Files\Vehicle\Gearbox</Filter>
    </ClInclude>
    <ClInclude Include="src\Vehicle\Gearbox\Core\GearboxSystem.h">
      <Filter>Header Files\Vehicle\Gearbox</Filter>
    </ClInclude>
    <ClInclude Include="src\Vehicle\Gearbox\Core\GearboxProfile.h">
      <Filter>Header Files\Vehicle\Gearbox</Filter>
    </ClInclude>
    <ClInclude Include="src\Vehicle\Gearbox\Automatic\AutomaticGearbox.h">
      <Filter>Header Files\Vehicle\Gearbox</Filter>
    </ClInclude>
    <ClInclude Include="src\Vehicle\LightsLogic.h">
      <Filter>Header Files\Vehicle</Filter>
    </ClInclude>
    <ClInclude Include="src\Vehicle\Brakes\ParkingBrake.h">
      <Filter>Header Files\Vehicle\Brakes</Filter>
    </ClInclude>
    <ClInclude Include="src\Vehicle\Brakes\BrakeSystem.h">
      <Filter>Header Files\Vehicle\Brakes</Filter>
    </ClInclude>
    <ClInclude Include="src\Vehicle\Clutch\ClutchSystem.h">
      <Filter>Header Files\Vehicle\Clutch</Filter>
    </ClInclude>
    <ClInclude Include="src\Vehicle\TelemetryLogger.h">
      <Filter>Header Files\Vehicle</Filter>
    </ClInclude>
    <ClInclude Include="src\Vehicle\Maintenance\RefuelInteraction.h">
      <Filter>Header Files\Vehicle\Maintenance</Filter>
    </ClInclude>
    <ClInclude Include="src\Vehicle\Maintenance\MaintenanceSystem.h">
      <Filter>Header Files\Vehicle\Maintenance</Filter>
    </ClInclude>
    <ClInclude Include="src\Vehicle\Maintenance\ServiceInteraction.h">
      <Filter>Header Files\Vehicle\Maintenance</Filter>
    </ClInclude>
    <ClInclude Include="src\Vehicle\Maintenance\WorkshopIntegration.h">
      <Filter>Header Files\Vehicle\Maintenance</Filter>
    </ClInclude>
    <ClInclude Include="src\Vehicle\Maintenance\WorkshopTuning.h">
      <Filter>Header Files\Vehicle\Maintenance</Filter>
    </ClInclude>
    <ClInclude Include="src\Vehicle\Physics\VehicleDynamics.h">
      <Filter>Header Files\Vehicle\Physics</Filter>
    </ClInclude>
  </ItemGroup>
</Project>
